
Microsoft Visual Studio Solution File, Format Version 12.00
# Visual Studio Version 16
VisualStudioVersion = 16.0.31005.135
MinimumVisualStudioVersion = 10.0.40219.1
Project("{FAE04EC0-301F-11D3-BF4B-00C04F79EFBC}") = "ProjetoPonu", "ProjetoPonu\ProjetoPonu.csproj", "{9A89785C-42BB-4B3A-8ED8-A4D2EFF90412}"
EndProject
Global
	GlobalSection(SolutionConfigurationPlatforms) = preSolution
		Debug|Any CPU = Debug|Any CPU
		Release|Any CPU = Release|Any CPU
	EndGlobalSection
	GlobalSection(ProjectConfigurationPlatforms) = postSolution
		{9A89785C-42BB-4B3A-8ED8-A4D2EFF90412}.Debug|Any CPU.ActiveCfg = Debug|Any CPU
		{9A89785C-42BB-4B3A-8ED8-A4D2EFF90412}.Debug|Any CPU.Build.0 = Debug|Any CPU
		{9A89785C-42BB-4B3A-8ED8-A4D2EFF90412}.Release|Any CPU.ActiveCfg = Release|Any CPU
		{9A89785C-42BB-4B3A-8ED8-A4D2EFF90412}.Release|Any CPU.Build.0 = Release|Any CPU
	EndGlobalSection
	GlobalSection(SolutionProperties) = preSolution
		HideSolutionNode = FALSE
	EndGlobalSection
	GlobalSection(ExtensibilityGlobals) = postSolution
		SolutionGuid = {A7055EDA-659F-4FFF-B44F-D4E43FE0F5C0}
	EndGlobalSection
EndGlobal
